
Microsoft Visual Studio Solution File, Format Version 12.00
# Visual Studio Version 16
VisualStudioVersion = 16.0.30011.22
MinimumVisualStudioVersion = 10.0.40219.1
Project("{FAE04EC0-301F-11D3-BF4B-00C04F79EFBC}") = "ASP.NET MVC", "ASP.NET MVC\ASP.NET MVC.csproj", "{7C920251-3B70-4C13-8BFD-3C72B01F8AB8}"
EndProject
Global
	GlobalSection(SolutionConfigurationPlatforms) = preSolution
		Debug|Any CPU = Debug|Any CPU
		Release|Any CPU = Release|Any CPU
	EndGlobalSection
	GlobalSection(ProjectConfigurationPlatforms) = postSolution
		{7C920251-3B70-4C13-8BFD-3C72B01F8AB8}.Debug|Any CPU.ActiveCfg = Debug|Any CPU
		{7C920251-3B70-4C13-8BFD-3C72B01F8AB8}.Debug|Any CPU.Build.0 = Debug|Any CPU
		{7C920251-3B70-4C13-8BFD-3C72B01F8AB8}.Release|Any CPU.ActiveCfg = Release|Any CPU
		{7C920251-3B70-4C13-8BFD-3C72B01F8AB8}.Release|Any CPU.Build.0 = Release|Any CPU
	EndGlobalSection
	GlobalSection(SolutionProperties) = preSolution
		HideSolutionNode = FALSE
	EndGlobalSection
	GlobalSection(ExtensibilityGlobals) = postSolution
		SolutionGuid = {6C875DEF-D043-4402-A429-04950EBC4EFF}
	EndGlobalSection
EndGlobal
